
Microsoft Visual Studio Solution File, Format Version 12.00
# Visual Studio Version 17
VisualStudioVersion = 17.0.31903.59
MinimumVisualStudioVersion = 10.0.40219.1
Project("{2150E333-8FDC-42A3-9474-1A3956D46DE8}") = "src", "src", "{247F2603-B978-4E4B-A32C-D10CF758D7CD}"
EndProject
Project("{FAE04EC0-301F-11D3-BF4B-00C04F79EFBC}") = "AuctionService", "src\AuctionService\AuctionService.csproj", "{F537ABB0-AE31-432D-8D04-7EC37C88B0D8}"
EndProject
Global
	GlobalSection(SolutionConfigurationPlatforms) = preSolution
		Debug|Any CPU = Debug|Any CPU
		Release|Any CPU = Release|Any CPU
	EndGlobalSection
	GlobalSection(SolutionProperties) = preSolution
		HideSolutionNode = FALSE
	EndGlobalSection
	GlobalSection(ProjectConfigurationPlatforms) = postSolution
		{F537ABB0-AE31-432D-8D04-7EC37C88B0D8}.Debug|Any CPU.ActiveCfg = Debug|Any CPU
		{F537ABB0-AE31-432D-8D04-7EC37C88B0D8}.Debug|Any CPU.Build.0 = Debug|Any CPU
		{F537ABB0-AE31-432D-8D04-7EC37C88B0D8}.Release|Any CPU.ActiveCfg = Release|Any CPU
		{F537ABB0-AE31-432D-8D04-7EC37C88B0D8}.Release|Any CPU.Build.0 = Release|Any CPU
	EndGlobalSection
	GlobalSection(NestedProjects) = preSolution
		{F537ABB0-AE31-432D-8D04-7EC37C88B0D8} = {247F2603-B978-4E4B-A32C-D10CF758D7CD}
	EndGlobalSection
EndGlobal
