
Microsoft Visual Studio Solution File, Format Version 12.00
# Visual Studio Version 17
VisualStudioVersion = 17.0.31903.59
MinimumVisualStudioVersion = 10.0.40219.1
Project("{2150E333-8FDC-42A3-9474-1A3956D46DE8}") = "src", "src", "{4F74172D-AB84-413C-AFF8-20777CC3B48A}"
EndProject
Project("{FAE04EC0-301F-11D3-BF4B-00C04F79EFBC}") = "AuctionService", "src\AuctionService\AuctionService.csproj", "{565056DF-6A30-4AA0-A404-734C31E1B2AF}"
EndProject
Project("{FAE04EC0-301F-11D3-BF4B-00C04F79EFBC}") = "SearchService", "src\SearchService\SearchService.csproj", "{EDF9E691-AB69-42E4-81B2-81D4D064A5D1}"
EndProject
Project("{FAE04EC0-301F-11D3-BF4B-00C04F79EFBC}") = "Contracts", "src\Contracts\Contracts.csproj", "{F7794CB4-957B-400F-B9C4-9543F750D63F}"
EndProject
Project("{FAE04EC0-301F-11D3-BF4B-00C04F79EFBC}") = "IdentityService", "src\IdentityService\IdentityService.csproj", "{7E0065FD-9376-45FA-8E3F-6ECD74ED5A61}"
EndProject
Project("{FAE04EC0-301F-11D3-BF4B-00C04F79EFBC}") = "GatewayService", "src\GatewayService\GatewayService.csproj", "{0CC84AD0-48F6-47FD-9DFF-9D210198B40C}"
EndProject
Project("{FAE04EC0-301F-11D3-BF4B-00C04F79EFBC}") = "BiddingService", "src\BiddingService\BiddingService.csproj", "{9B4C0245-D406-4B79-815F-9D493884D3E9}"
EndProject
Global
	GlobalSection(SolutionConfigurationPlatforms) = preSolution
		Debug|Any CPU = Debug|Any CPU
		Release|Any CPU = Release|Any CPU
	EndGlobalSection
	GlobalSection(SolutionProperties) = preSolution
		HideSolutionNode = FALSE
	EndGlobalSection
	GlobalSection(ProjectConfigurationPlatforms) = postSolution
		{565056DF-6A30-4AA0-A404-734C31E1B2AF}.Debug|Any CPU.ActiveCfg = Debug|Any CPU
		{565056DF-6A30-4AA0-A404-734C31E1B2AF}.Debug|Any CPU.Build.0 = Debug|Any CPU
		{565056DF-6A30-4AA0-A404-734C31E1B2AF}.Release|Any CPU.ActiveCfg = Release|Any CPU
		{565056DF-6A30-4AA0-A404-734C31E1B2AF}.Release|Any CPU.Build.0 = Release|Any CPU
		{EDF9E691-AB69-42E4-81B2-81D4D064A5D1}.Debug|Any CPU.ActiveCfg = Debug|Any CPU
		{EDF9E691-AB69-42E4-81B2-81D4D064A5D1}.Debug|Any CPU.Build.0 = Debug|Any CPU
		{EDF9E691-AB69-42E4-81B2-81D4D064A5D1}.Release|Any CPU.ActiveCfg = Release|Any CPU
		{EDF9E691-AB69-42E4-81B2-81D4D064A5D1}.Release|Any CPU.Build.0 = Release|Any CPU
		{F7794CB4-957B-400F-B9C4-9543F750D63F}.Debug|Any CPU.ActiveCfg = Debug|Any CPU
		{F7794CB4-957B-400F-B9C4-9543F750D63F}.Debug|Any CPU.Build.0 = Debug|Any CPU
		{F7794CB4-957B-400F-B9C4-9543F750D63F}.Release|Any CPU.ActiveCfg = Release|Any CPU
		{F7794CB4-957B-400F-B9C4-9543F750D63F}.Release|Any CPU.Build.0 = Release|Any CPU
		{7E0065FD-9376-45FA-8E3F-6ECD74ED5A61}.Debug|Any CPU.ActiveCfg = Debug|Any CPU
		{7E0065FD-9376-45FA-8E3F-6ECD74ED5A61}.Debug|Any CPU.Build.0 = Debug|Any CPU
		{7E0065FD-9376-45FA-8E3F-6ECD74ED5A61}.Release|Any CPU.ActiveCfg = Release|Any CPU
		{7E0065FD-9376-45FA-8E3F-6ECD74ED5A61}.Release|Any CPU.Build.0 = Release|Any CPU
		{0CC84AD0-48F6-47FD-9DFF-9D210198B40C}.Debug|Any CPU.ActiveCfg = Debug|Any CPU
		{0CC84AD0-48F6-47FD-9DFF-9D210198B40C}.Debug|Any CPU.Build.0 = Debug|Any CPU
		{0CC84AD0-48F6-47FD-9DFF-9D210198B40C}.Release|Any CPU.ActiveCfg = Release|Any CPU
		{0CC84AD0-48F6-47FD-9DFF-9D210198B40C}.Release|Any CPU.Build.0 = Release|Any CPU
		{9B4C0245-D406-4B79-815F-9D493884D3E9}.Debug|Any CPU.ActiveCfg = Debug|Any CPU
		{9B4C0245-D406-4B79-815F-9D493884D3E9}.Debug|Any CPU.Build.0 = Debug|Any CPU
		{9B4C0245-D406-4B79-815F-9D493884D3E9}.Release|Any CPU.ActiveCfg = Release|Any CPU
		{9B4C0245-D406-4B79-815F-9D493884D3E9}.Release|Any CPU.Build.0 = Release|Any CPU
	EndGlobalSection
	GlobalSection(NestedProjects) = preSolution
		{565056DF-6A30-4AA0-A404-734C31E1B2AF} = {4F74172D-AB84-413C-AFF8-20777CC3B48A}
		{EDF9E691-AB69-42E4-81B2-81D4D064A5D1} = {4F74172D-AB84-413C-AFF8-20777CC3B48A}
		{F7794CB4-957B-400F-B9C4-9543F750D63F} = {4F74172D-AB84-413C-AFF8-20777CC3B48A}
		{7E0065FD-9376-45FA-8E3F-6ECD74ED5A61} = {4F74172D-AB84-413C-AFF8-20777CC3B48A}
		{0CC84AD0-48F6-47FD-9DFF-9D210198B40C} = {4F74172D-AB84-413C-AFF8-20777CC3B48A}
		{9B4C0245-D406-4B79-815F-9D493884D3E9} = {4F74172D-AB84-413C-AFF8-20777CC3B48A}
	EndGlobalSection
EndGlobal
